
Microsoft Visual Studio Solution File, Format Version 12.00
# Visual Studio Version 17
VisualStudioVersion = 17.3.32929.385
MinimumVisualStudioVersion = 10.0.40219.1
Project("{FAE04EC0-301F-11D3-BF4B-00C04F79EFBC}") = "Course_ranking", "Course_ranking\Course_ranking.csproj", "{C3F032B7-04C4-4244-8D49-FB2F957DEDB8}"
EndProject
Global
	GlobalSection(SolutionConfigurationPlatforms) = preSolution
		Debug|Any CPU = Debug|Any CPU
		Release|Any CPU = Release|Any CPU
	EndGlobalSection
	GlobalSection(ProjectConfigurationPlatforms) = postSolution
		{C3F032B7-04C4-4244-8D49-FB2F957DEDB8}.Debug|Any CPU.ActiveCfg = Debug|Any CPU
		{C3F032B7-04C4-4244-8D49-FB2F957DEDB8}.Debug|Any CPU.Build.0 = Debug|Any CPU
		{C3F032B7-04C4-4244-8D49-FB2F957DEDB8}.Release|Any CPU.ActiveCfg = Release|Any CPU
		{C3F032B7-04C4-4244-8D49-FB2F957DEDB8}.Release|Any CPU.Build.0 = Release|Any CPU
	EndGlobalSection
	GlobalSection(SolutionProperties) = preSolution
		HideSolutionNode = FALSE
	EndGlobalSection
	GlobalSection(ExtensibilityGlobals) = postSolution
		SolutionGuid = {B55D4DB4-74B5-4BBE-A823-2DBDBF1D9099}
	EndGlobalSection
EndGlobal
